
Microsoft Visual Studio Solution File, Format Version 12.00
# Visual Studio Version 16
VisualStudioVersion = 16.0.29215.179
MinimumVisualStudioVersion = 10.0.40219.1
Project("{FAE04EC0-301F-11D3-BF4B-00C04F79EFBC}") = "WebAppInClass3", "WebAppInClass3\WebAppInClass3.csproj", "{ADF5ECBB-BFC0-46AB-A48F-F22FC7A75223}"
EndProject
Global
	GlobalSection(SolutionConfigurationPlatforms) = preSolution
		Debug|Any CPU = Debug|Any CPU
		Release|Any CPU = Release|Any CPU
	EndGlobalSection
	GlobalSection(ProjectConfigurationPlatforms) = postSolution
		{ADF5ECBB-BFC0-46AB-A48F-F22FC7A75223}.Debug|Any CPU.ActiveCfg = Debug|Any CPU
		{ADF5ECBB-BFC0-46AB-A48F-F22FC7A75223}.Debug|Any CPU.Build.0 = Debug|Any CPU
		{ADF5ECBB-BFC0-46AB-A48F-F22FC7A75223}.Release|Any CPU.ActiveCfg = Release|Any CPU
		{ADF5ECBB-BFC0-46AB-A48F-F22FC7A75223}.Release|Any CPU.Build.0 = Release|Any CPU
	EndGlobalSection
	GlobalSection(SolutionProperties) = preSolution
		HideSolutionNode = FALSE
	EndGlobalSection
	GlobalSection(ExtensibilityGlobals) = postSolution
		SolutionGuid = {9F39A942-8C99-446B-8CD3-6582146D6DCE}
	EndGlobalSection
EndGlobal
